
Microsoft Visual Studio Solution File, Format Version 12.00
# Visual Studio 15
Project("{FAE04EC0-301F-11D3-BF4B-00C04F79EFBC}") = "firstapp.Android", "firstapp.Android\firstapp.Android.csproj", "{20BA0065-1295-46B0-8E3A-A1E1582A91BA}"
EndProject
Project("{FAE04EC0-301F-11D3-BF4B-00C04F79EFBC}") = "firstapp.iOS", "firstapp.iOS\firstapp.iOS.csproj", "{3704CC8B-C007-4031-9D97-DA3AA915CA5F}"
EndProject
Project("{FAE04EC0-301F-11D3-BF4B-00C04F79EFBC}") = "firstapp", "firstapp\firstapp.csproj", "{ED8C7FB9-9C39-41BE-B8D1-B302FEC41555}"
EndProject
Global
	GlobalSection(SolutionConfigurationPlatforms) = preSolution
		Debug|Any CPU = Debug|Any CPU
		Release|Any CPU = Release|Any CPU
		Debug|iPhoneSimulator = Debug|iPhoneSimulator
		Release|iPhoneSimulator = Release|iPhoneSimulator
		Debug|iPhone = Debug|iPhone
		Release|iPhone = Release|iPhone
	EndGlobalSection
	GlobalSection(ProjectConfigurationPlatforms) = postSolution
		{20BA0065-1295-46B0-8E3A-A1E1582A91BA}.Debug|Any CPU.ActiveCfg = Debug|Any CPU
		{20BA0065-1295-46B0-8E3A-A1E1582A91BA}.Debug|Any CPU.Build.0 = Debug|Any CPU
		{20BA0065-1295-46B0-8E3A-A1E1582A91BA}.Release|Any CPU.ActiveCfg = Release|Any CPU
		{20BA0065-1295-46B0-8E3A-A1E1582A91BA}.Release|Any CPU.Build.0 = Release|Any CPU
		{20BA0065-1295-46B0-8E3A-A1E1582A91BA}.Debug|iPhoneSimulator.ActiveCfg = Debug|Any CPU
		{20BA0065-1295-46B0-8E3A-A1E1582A91BA}.Debug|iPhoneSimulator.Build.0 = Debug|Any CPU
		{20BA0065-1295-46B0-8E3A-A1E1582A91BA}.Release|iPhoneSimulator.ActiveCfg = Release|Any CPU
		{20BA0065-1295-46B0-8E3A-A1E1582A91BA}.Release|iPhoneSimulator.Build.0 = Release|Any CPU
		{20BA0065-1295-46B0-8E3A-A1E1582A91BA}.Debug|iPhone.ActiveCfg = Debug|Any CPU
		{20BA0065-1295-46B0-8E3A-A1E1582A91BA}.Debug|iPhone.Build.0 = Debug|Any CPU
		{20BA0065-1295-46B0-8E3A-A1E1582A91BA}.Release|iPhone.ActiveCfg = Release|Any CPU
		{20BA0065-1295-46B0-8E3A-A1E1582A91BA}.Release|iPhone.Build.0 = Release|Any CPU
		{3704CC8B-C007-4031-9D97-DA3AA915CA5F}.Debug|Any CPU.ActiveCfg = Debug|iPhoneSimulator
		{3704CC8B-C007-4031-9D97-DA3AA915CA5F}.Debug|Any CPU.Build.0 = Debug|iPhoneSimulator
		{3704CC8B-C007-4031-9D97-DA3AA915CA5F}.Release|Any CPU.ActiveCfg = Release|iPhoneSimulator
		{3704CC8B-C007-4031-9D97-DA3AA915CA5F}.Release|Any CPU.Build.0 = Release|iPhoneSimulator
		{3704CC8B-C007-4031-9D97-DA3AA915CA5F}.Debug|iPhoneSimulator.ActiveCfg = Debug|iPhoneSimulator
		{3704CC8B-C007-4031-9D97-DA3AA915CA5F}.Debug|iPhoneSimulator.Build.0 = Debug|iPhoneSimulator
		{3704CC8B-C007-4031-9D97-DA3AA915CA5F}.Release|iPhoneSimulator.ActiveCfg = Release|iPhoneSimulator
		{3704CC8B-C007-4031-9D97-DA3AA915CA5F}.Release|iPhoneSimulator.Build.0 = Release|iPhoneSimulator
		{3704CC8B-C007-4031-9D97-DA3AA915CA5F}.Debug|iPhone.ActiveCfg = Debug|iPhone
		{3704CC8B-C007-4031-9D97-DA3AA915CA5F}.Debug|iPhone.Build.0 = Debug|iPhone
		{3704CC8B-C007-4031-9D97-DA3AA915CA5F}.Release|iPhone.ActiveCfg = Release|iPhone
		{3704CC8B-C007-4031-9D97-DA3AA915CA5F}.Release|iPhone.Build.0 = Release|iPhone
		{ED8C7FB9-9C39-41BE-B8D1-B302FEC41555}.Debug|Any CPU.ActiveCfg = Debug|Any CPU
		{ED8C7FB9-9C39-41BE-B8D1-B302FEC41555}.Debug|Any CPU.Build.0 = Debug|Any CPU
		{ED8C7FB9-9C39-41BE-B8D1-B302FEC41555}.Release|Any CPU.ActiveCfg = Release|Any CPU
		{ED8C7FB9-9C39-41BE-B8D1-B302FEC41555}.Release|Any CPU.Build.0 = Release|Any CPU
		{ED8C7FB9-9C39-41BE-B8D1-B302FEC41555}.Debug|iPhoneSimulator.ActiveCfg = Debug|Any CPU
		{ED8C7FB9-9C39-41BE-B8D1-B302FEC41555}.Debug|iPhoneSimulator.Build.0 = Debug|Any CPU
		{ED8C7FB9-9C39-41BE-B8D1-B302FEC41555}.Release|iPhoneSimulator.ActiveCfg = Release|Any CPU
		{ED8C7FB9-9C39-41BE-B8D1-B302FEC41555}.Release|iPhoneSimulator.Build.0 = Release|Any CPU
		{ED8C7FB9-9C39-41BE-B8D1-B302FEC41555}.Debug|iPhone.ActiveCfg = Debug|Any CPU
		{ED8C7FB9-9C39-41BE-B8D1-B302FEC41555}.Debug|iPhone.Build.0 = Debug|Any CPU
		{ED8C7FB9-9C39-41BE-B8D1-B302FEC41555}.Release|iPhone.ActiveCfg = Release|Any CPU
		{ED8C7FB9-9C39-41BE-B8D1-B302FEC41555}.Release|iPhone.Build.0 = Release|Any CPU
	EndGlobalSection
EndGlobal
